// !$*UTF8*$!
{
	archiveVersion = 1;
	classes = {
	};
	objectVersion = 50;
	objects = {

/* Begin PBXBuildFile section */
		0A1FA27F235ABEF5002B8CF1 /* AppDelegate.swift in Sources */ = {isa = PBXBuildFile; fileRef = 0A1FA27E235ABEF5002B8CF1 /* AppDelegate.swift */; };
		0A1FA281235ABEF5002B8CF1 /* SceneDelegate.swift in Sources */ = {isa = PBXBuildFile; fileRef = 0A1FA280235ABEF5002B8CF1 /* SceneDelegate.swift */; };
		0A1FA283235ABEF5002B8CF1 /* MainView.swift in Sources */ = {isa = PBXBuildFile; fileRef = 0A1FA282235ABEF5002B8CF1 /* MainView.swift */; };
		0A1FA285235ABEF7002B8CF1 /* Assets.xcassets in Resources */ = {isa = PBXBuildFile; fileRef = 0A1FA284235ABEF7002B8CF1 /* Assets.xcassets */; };
		0A1FA288235ABEF7002B8CF1 /* Preview Assets.xcassets in Resources */ = {isa = PBXBuildFile; fileRef = 0A1FA287235ABEF7002B8CF1 /* Preview Assets.xcassets */; };
		0A1FA28B235ABEF7002B8CF1 /* LaunchScreen.storyboard in Resources */ = {isa = PBXBuildFile; fileRef = 0A1FA289235ABEF7002B8CF1 /* LaunchScreen.storyboard */; };
		0A1FA295235B46B9002B8CF1 /* GridView.swift in Sources */ = {isa = PBXBuildFile; fileRef = 0A1FA294235B46B9002B8CF1 /* GridView.swift */; };
		0A1FA297235B49B6002B8CF1 /* CustomModifiers.swift in Sources */ = {isa = PBXBuildFile; fileRef = 0A1FA296235B49B6002B8CF1 /* CustomModifiers.swift */; };
		0A1FA29A235B50E1002B8CF1 /* IntroductionView.swift in Sources */ = {isa = PBXBuildFile; fileRef = 0A1FA299235B50E1002B8CF1 /* IntroductionView.swift */; };
		0A1FA29C235B511A002B8CF1 /* IntroductionContainerView.swift in Sources */ = {isa = PBXBuildFile; fileRef = 0A1FA29B235B511A002B8CF1 /* IntroductionContainerView.swift */; };
		0A1FA29E235B515E002B8CF1 /* TitleView.swift in Sources */ = {isa = PBXBuildFile; fileRef = 0A1FA29D235B515E002B8CF1 /* TitleView.swift */; };
		0A1FA2A0235B5295002B8CF1 /* Extensions.swift in Sources */ = {isa = PBXBuildFile; fileRef = 0A1FA29F235B5295002B8CF1 /* Extensions.swift */; };
		0A1FA2A3235B53C9002B8CF1 /* CoffeeTrackerTabView.swift in Sources */ = {isa = PBXBuildFile; fileRef = 0A1FA2A2235B53C9002B8CF1 /* CoffeeTrackerTabView.swift */; };
/* End PBXBuildFile section */

/* Begin PBXFileReference section */
		0A1FA27B235ABEF5002B8CF1 /* SwiftUI Workshop.app */ = {isa = PBXFileReference; explicitFileType = wrapper.application; includeInIndex = 0; path = "SwiftUI Workshop.app"; sourceTree = BUILT_PRODUCTS_DIR; };
		0A1FA27E235ABEF5002B8CF1 /* AppDelegate.swift */ = {isa = PBXFileReference; lastKnownFileType = sourcecode.swift; path = AppDelegate.swift; sourceTree = "<group>"; };
		0A1FA280235ABEF5002B8CF1 /* SceneDelegate.swift */ = {isa = PBXFileReference; lastKnownFileType = sourcecode.swift; path = SceneDelegate.swift; sourceTree = "<group>"; };
		0A1FA282235ABEF5002B8CF1 /* MainView.swift */ = {isa = PBXFileReference; lastKnownFileType = sourcecode.swift; path = MainView.swift; sourceTree = "<group>"; };
		0A1FA284235ABEF7002B8CF1 /* Assets.xcassets */ = {isa = PBXFileReference; lastKnownFileType = folder.assetcatalog; path = Assets.xcassets; sourceTree = "<group>"; };
		0A1FA287235ABEF7002B8CF1 /* Preview Assets.xcassets */ = {isa = PBXFileReference; lastKnownFileType = folder.assetcatalog; path = "Preview Assets.xcassets"; sourceTree = "<group>"; };
		0A1FA28A235ABEF7002B8CF1 /* Base */ = {isa = PBXFileReference; lastKnownFileType = file.storyboard; name = Base; path = Base.lproj/LaunchScreen.storyboard; sourceTree = "<group>"; };
		0A1FA28C235ABEF7002B8CF1 /* Info.plist */ = {isa = PBXFileReference; lastKnownFileType = text.plist.xml; path = Info.plist; sourceTree = "<group>"; };
		0A1FA294235B46B9002B8CF1 /* GridView.swift */ = {isa = PBXFileReference; lastKnownFileType = sourcecode.swift; path = GridView.swift; sourceTree = "<group>"; };
		0A1FA296235B49B6002B8CF1 /* CustomModifiers.swift */ = {isa = PBXFileReference; lastKnownFileType = sourcecode.swift; path = CustomModifiers.swift; sourceTree = "<group>"; };
		0A1FA299235B50E1002B8CF1 /* IntroductionView.swift */ = {isa = PBXFileReference; lastKnownFileType = sourcecode.swift; path = IntroductionView.swift; sourceTree = "<group>"; };
		0A1FA29B235B511A002B8CF1 /* IntroductionContainerView.swift */ = {isa = PBXFileReference; lastKnownFileType = sourcecode.swift; path = IntroductionContainerView.swift; sourceTree = "<group>"; };
		0A1FA29D235B515E002B8CF1 /* TitleView.swift */ = {isa = PBXFileReference; lastKnownFileType = sourcecode.swift; path = TitleView.swift; sourceTree = "<group>"; };
		0A1FA29F235B5295002B8CF1 /* Extensions.swift */ = {isa = PBXFileReference; lastKnownFileType = sourcecode.swift; path = Extensions.swift; sourceTree = "<group>"; };
		0A1FA2A2235B53C9002B8CF1 /* CoffeeTrackerTabView.swift */ = {isa = PBXFileReference; lastKnownFileType = sourcecode.swift; path = CoffeeTrackerTabView.swift; sourceTree = "<group>"; };
/* End PBXFileReference section */

/* Begin PBXFrameworksBuildPhase section */
		0A1FA278235ABEF5002B8CF1 /* Frameworks */ = {
			isa = PBXFrameworksBuildPhase;
			buildActionMask = 2147483647;
			files = (
			);
			runOnlyForDeploymentPostprocessing = 0;
		};
/* End PBXFrameworksBuildPhase section */

/* Begin PBXGroup section */
		0A1FA272235ABEF5002B8CF1 = {
			isa = PBXGroup;
			children = (
				0A1FA27D235ABEF5002B8CF1 /* SwiftUI Workshop */,
				0A1FA27C235ABEF5002B8CF1 /* Products */,
			);
			sourceTree = "<group>";
		};
		0A1FA27C235ABEF5002B8CF1 /* Products */ = {
			isa = PBXGroup;
			children = (
				0A1FA27B235ABEF5002B8CF1 /* SwiftUI Workshop.app */,
			);
			name = Products;
			sourceTree = "<group>";
		};
		0A1FA27D235ABEF5002B8CF1 /* SwiftUI Workshop */ = {
			isa = PBXGroup;
			children = (
				0A1FA2A1235B5326002B8CF1 /* Support */,
				0A1FA298235B50C5002B8CF1 /* StocksView */,
				0A1FA294235B46B9002B8CF1 /* GridView.swift */,
				0A1FA2A2235B53C9002B8CF1 /* CoffeeTrackerTabView.swift */,
				0A1FA28C235ABEF7002B8CF1 /* Info.plist */,
				0A1FA286235ABEF7002B8CF1 /* Preview Content */,
			);
			path = "SwiftUI Workshop";
			sourceTree = "<group>";
		};
		0A1FA286235ABEF7002B8CF1 /* Preview Content */ = {
			isa = PBXGroup;
			children = (
				0A1FA287235ABEF7002B8CF1 /* Preview Assets.xcassets */,
			);
			path = "Preview Content";
			sourceTree = "<group>";
		};
		0A1FA298235B50C5002B8CF1 /* StocksView */ = {
			isa = PBXGroup;
			children = (
				0A1FA282235ABEF5002B8CF1 /* MainView.swift */,
				0A1FA29B235B511A002B8CF1 /* IntroductionContainerView.swift */,
				0A1FA299235B50E1002B8CF1 /* IntroductionView.swift */,
				0A1FA29D235B515E002B8CF1 /* TitleView.swift */,
			);
			path = StocksView;
			sourceTree = "<group>";
		};
		0A1FA2A1235B5326002B8CF1 /* Support */ = {
			isa = PBXGroup;
			children = (
				0A1FA27E235ABEF5002B8CF1 /* AppDelegate.swift */,
				0A1FA280235ABEF5002B8CF1 /* SceneDelegate.swift */,
				0A1FA296235B49B6002B8CF1 /* CustomModifiers.swift */,
				0A1FA29F235B5295002B8CF1 /* Extensions.swift */,
				0A1FA284235ABEF7002B8CF1 /* Assets.xcassets */,
				0A1FA289235ABEF7002B8CF1 /* LaunchScreen.storyboard */,
			);
			path = Support;
			sourceTree = "<group>";
		};
/* End PBXGroup section */

/* Begin PBXNativeTarget section */
		0A1FA27A235ABEF5002B8CF1 /* SwiftUI Workshop */ = {
			isa = PBXNativeTarget;
			buildConfigurationList = 0A1FA28F235ABEF7002B8CF1 /* Build configuration list for PBXNativeTarget "SwiftUI Workshop" */;
			buildPhases = (
				0A1FA277235ABEF5002B8CF1 /* Sources */,
				0A1FA278235ABEF5002B8CF1 /* Frameworks */,
				0A1FA279235ABEF5002B8CF1 /* Resources */,
			);
			buildRules = (
			);
			dependencies = (
			);
			name = "SwiftUI Workshop";
			productName = "SwiftUI Workshop";
			productReference = 0A1FA27B235ABEF5002B8CF1 /* SwiftUI Workshop.app */;
			productType = "com.apple.product-type.application";
		};
/* End PBXNativeTarget section */

/* Begin PBXProject section */
		0A1FA273235ABEF5002B8CF1 /* Project object */ = {
			isa = PBXProject;
			attributes = {
				LastSwiftUpdateCheck = 1100;
				LastUpgradeCheck = 1100;
				ORGANIZATIONNAME = "Rudrank Riyam";
				TargetAttributes = {
					0A1FA27A235ABEF5002B8CF1 = {
						CreatedOnToolsVersion = 11.0;
					};
				};
			};
			buildConfigurationList = 0A1FA276235ABEF5002B8CF1 /* Build configuration list for PBXProject "SwiftUI Workshop" */;
			compatibilityVersion = "Xcode 9.3";
			developmentRegion = en;
			hasScannedForEncodings = 0;
			knownRegions = (
				en,
				Base,
			);
			mainGroup = 0A1FA272235ABEF5002B8CF1;
			productRefGroup = 0A1FA27C235ABEF5002B8CF1 /* Products */;
			projectDirPath = "";
			projectRoot = "";
			targets = (
				0A1FA27A235ABEF5002B8CF1 /* SwiftUI Workshop */,
			);
		};
/* End PBXProject section */

/* Begin PBXResourcesBuildPhase section */
		0A1FA279235ABEF5002B8CF1 /* Resources */ = {
			isa = PBXResourcesBuildPhase;
			buildActionMask = 2147483647;
			files = (
				0A1FA28B235ABEF7002B8CF1 /* LaunchScreen.storyboard in Resources */,
				0A1FA288235ABEF7002B8CF1 /* Preview Assets.xcassets in Resources */,
				0A1FA285235ABEF7002B8CF1 /* Assets.xcassets in Resources */,
			);
			runOnlyForDeploymentPostprocessing = 0;
		};
/* End PBXResourcesBuildPhase section */

/* Begin PBXSourcesBuildPhase section */
		0A1FA277235ABEF5002B8CF1 /* Sources */ = {
			isa = PBXSourcesBuildPhase;
			buildActionMask = 2147483647;
			files = (
				0A1FA29C235B511A002B8CF1 /* IntroductionContainerView.swift in Sources */,
				0A1FA2A0235B5295002B8CF1 /* Extensions.swift in Sources */,
				0A1FA27F235ABEF5002B8CF1 /* AppDelegate.swift in Sources */,
				0A1FA297235B49B6002B8CF1 /* CustomModifiers.swift in Sources */,
				0A1FA281235ABEF5002B8CF1 /* SceneDelegate.swift in Sources */,
				0A1FA2A3235B53C9002B8CF1 /* CoffeeTrackerTabView.swift in Sources */,
				0A1FA295235B46B9002B8CF1 /* GridView.swift in Sources */,
				0A1FA29A235B50E1002B8CF1 /* IntroductionView.swift in Sources */,
				0A1FA283235ABEF5002B8CF1 /* MainView.swift in Sources */,
				0A1FA29E235B515E002B8CF1 /* TitleView.swift in Sources */,
			);
			runOnlyForDeploymentPostprocessing = 0;
		};
/* End PBXSourcesBuildPhase section */

/* Begin PBXVariantGroup section */
		0A1FA289235ABEF7002B8CF1 /* LaunchScreen.storyboard */ = {
			isa = PBXVariantGroup;
			children = (
				0A1FA28A235ABEF7002B8CF1 /* Base */,
			);
			name = LaunchScreen.storyboard;
			sourceTree = "<group>";
		};
/* End PBXVariantGroup section */

/* Begin XCBuildConfiguration section */
		0A1FA28D235ABEF7002B8CF1 /* Debug */ = {
			isa = XCBuildConfiguration;
			buildSettings = {
				ALWAYS_SEARCH_USER_PATHS = NO;
				CLANG_ANALYZER_NONNULL = YES;
				CLANG_ANALYZER_NUMBER_OBJECT_CONVERSION = YES_AGGRESSIVE;
				CLANG_CXX_LANGUAGE_STANDARD = "gnu++14";
				CLANG_CXX_LIBRARY = "libc++";
				CLANG_ENABLE_MODULES = YES;
				CLANG_ENABLE_OBJC_ARC = YES;
				CLANG_ENABLE_OBJC_WEAK = YES;
				CLANG_WARN_BLOCK_CAPTURE_AUTORELEASING = YES;
				CLANG_WARN_BOOL_CONVERSION = YES;
				CLANG_WARN_COMMA = YES;
				CLANG_WARN_CONSTANT_CONVERSION = YES;
				CLANG_WARN_DEPRECATED_OBJC_IMPLEMENTATIONS = YES;
				CLANG_WARN_DIRECT_OBJC_ISA_USAGE = YES_ERROR;
				CLANG_WARN_DOCUMENTATION_COMMENTS = YES;
				CLANG_WARN_EMPTY_BODY = YES;
				CLANG_WARN_ENUM_CONVERSION = YES;
				CLANG_WARN_INFINITE_RECURSION = YES;
				CLANG_WARN_INT_CONVERSION = YES;
				CLANG_WARN_NON_LITERAL_NULL_CONVERSION = YES;
				CLANG_WARN_OBJC_IMPLICIT_RETAIN_SELF = YES;
				CLANG_WARN_OBJC_LITERAL_CONVERSION = YES;
				CLANG_WARN_OBJC_ROOT_CLASS = YES_ERROR;
				CLANG_WARN_RANGE_LOOP_ANALYSIS = YES;
				CLANG_WARN_STRICT_PROTOTYPES = YES;
				CLANG_WARN_SUSPICIOUS_MOVE = YES;
				CLANG_WARN_UNGUARDED_AVAILABILITY = YES_AGGRESSIVE;
				CLANG_WARN_UNREACHABLE_CODE = YES;
				CLANG_WARN__DUPLICATE_METHOD_MATCH = YES;
				COPY_PHASE_STRIP = NO;
				DEBUG_INFORMATION_FORMAT = dwarf;
				ENABLE_STRICT_OBJC_MSGSEND = YES;
				ENABLE_TESTABILITY = YES;
				GCC_C_LANGUAGE_STANDARD = gnu11;
				GCC_DYNAMIC_NO_PIC = NO;
				GCC_NO_COMMON_BLOCKS = YES;
				GCC_OPTIMIZATION_LEVEL = 0;
				GCC_PREPROCESSOR_DEFINITIONS = (
					"DEBUG=1",
					"$(inherited)",
				);
				GCC_WARN_64_TO_32_BIT_CONVERSION = YES;
				GCC_WARN_ABOUT_RETURN_TYPE = YES_ERROR;
				GCC_WARN_UNDECLARED_SELECTOR = YES;
				GCC_WARN_UNINITIALIZED_AUTOS = YES_AGGRESSIVE;
				GCC_WARN_UNUSED_FUNCTION = YES;
				GCC_WARN_UNUSED_VARIABLE = YES;
				IPHONEOS_DEPLOYMENT_TARGET = 13.0;
				MTL_ENABLE_DEBUG_INFO = INCLUDE_SOURCE;
				MTL_FAST_MATH = YES;
				ONLY_ACTIVE_ARCH = YES;
				SDKROOT = iphoneos;
				SWIFT_ACTIVE_COMPILATION_CONDITIONS = DEBUG;
				SWIFT_OPTIMIZATION_LEVEL = "-Onone";
			};
			name = Debug;
		};
		0A1FA28E235ABEF7002B8CF1 /* Release */ = {
			isa = XCBuildConfiguration;
			buildSettings = {
				ALWAYS_SEARCH_USER_PATHS = NO;
				CLANG_ANALYZER_NONNULL = YES;
				CLANG_ANALYZER_NUMBER_OBJECT_CONVERSION = YES_AGGRESSIVE;
				CLANG_CXX_LANGUAGE_STANDARD = "gnu++14";
				CLANG_CXX_LIBRARY = "libc++";
				CLANG_ENABLE_MODULES = YES;
				CLANG_ENABLE_OBJC_ARC = YES;
				CLANG_ENABLE_OBJC_WEAK = YES;
				CLANG_WARN_BLOCK_CAPTURE_AUTORELEASING = YES;
				CLANG_WARN_BOOL_CONVERSION = YES;
				CLANG_WARN_COMMA = YES;
				CLANG_WARN_CONSTANT_CONVERSION = YES;
				CLANG_WARN_DEPRECATED_OBJC_IMPLEMENTATIONS = YES;
				CLANG_WARN_DIRECT_OBJC_ISA_USAGE = YES_ERROR;
				CLANG_WARN_DOCUMENTATION_COMMENTS = YES;
				CLANG_WARN_EMPTY_BODY = YES;
				CLANG_WARN_ENUM_CONVERSION = YES;
				CLANG_WARN_INFINITE_RECURSION = YES;
				CLANG_WARN_INT_CONVERSION = YES;
				CLANG_WARN_NON_LITERAL_NULL_CONVERSION = YES;
				CLANG_WARN_OBJC_IMPLICIT_RETAIN_SELF = YES;
				CLANG_WARN_OBJC_LITERAL_CONVERSION = YES;
				CLANG_WARN_OBJC_ROOT_CLASS = YES_ERROR;
				CLANG_WARN_RANGE_LOOP_ANALYSIS = YES;
				CLANG_WARN_STRICT_PROTOTYPES = YES;
				CLANG_WARN_SUSPICIOUS_MOVE = YES;
				CLANG_WARN_UNGUARDED_AVAILABILITY = YES_AGGRESSIVE;
				CLANG_WARN_UNREACHABLE_CODE = YES;
				CLANG_WARN__DUPLICATE_METHOD_MATCH = YES;
				COPY_PHASE_STRIP = NO;
				DEBUG_INFORMATION_FORMAT = "dwarf-with-dsym";
				ENABLE_NS_ASSERTIONS = NO;
				ENABLE_STRICT_OBJC_MSGSEND = YES;
				GCC_C_LANGUAGE_STANDARD = gnu11;
				GCC_NO_COMMON_BLOCKS = YES;
				GCC_WARN_64_TO_32_BIT_CONVERSION = YES;
				GCC_WARN_ABOUT_RETURN_TYPE = YES_ERROR;
				GCC_WARN_UNDECLARED_SELECTOR = YES;
				GCC_WARN_UNINITIALIZED_AUTOS = YES_AGGRESSIVE;
				GCC_WARN_UNUSED_FUNCTION = YES;
				GCC_WARN_UNUSED_VARIABLE = YES;
				IPHONEOS_DEPLOYMENT_TARGET = 13.0;
				MTL_ENABLE_DEBUG_INFO = NO;
				MTL_FAST_MATH = YES;
				SDKROOT = iphoneos;
				SWIFT_COMPILATION_MODE = wholemodule;
				SWIFT_OPTIMIZATION_LEVEL = "-O";
				VALIDATE_PRODUCT = YES;
			};
			name = Release;
		};
		0A1FA290235ABEF7002B8CF1 /* Debug */ = {
			isa = XCBuildConfiguration;
			buildSettings = {
				ASSETCATALOG_COMPILER_APPICON_NAME = AppIcon;
				CODE_SIGN_STYLE = Automatic;
				DEVELOPMENT_ASSET_PATHS = "\"SwiftUI Workshop/Preview Content\"";
				DEVELOPMENT_TEAM = YQZQG7N4WG;
				ENABLE_PREVIEWS = YES;
				INFOPLIST_FILE = "SwiftUI Workshop/Info.plist";
				LD_RUNPATH_SEARCH_PATHS = (
					"$(inherited)",
					"@executable_path/Frameworks",
				);
				PRODUCT_BUNDLE_IDENTIFIER = "com.RudrankRiyam.SwiftUI-Workshop";
				PRODUCT_NAME = "$(TARGET_NAME)";
				SWIFT_VERSION = 5.0;
				TARGETED_DEVICE_FAMILY = "1,2";
			};
			name = Debug;
		};
		0A1FA291235ABEF7002B8CF1 /* Release */ = {
			isa = XCBuildConfiguration;
			buildSettings = {
				ASSETCATALOG_COMPILER_APPICON_NAME = AppIcon;
				CODE_SIGN_STYLE = Automatic;
				DEVELOPMENT_ASSET_PATHS = "\"SwiftUI Workshop/Preview Content\"";
				DEVELOPMENT_TEAM = YQZQG7N4WG;
				ENABLE_PREVIEWS = YES;
				INFOPLIST_FILE = "SwiftUI Workshop/Info.plist";
				LD_RUNPATH_SEARCH_PATHS = (
					"$(inherited)",
					"@executable_path/Frameworks",
				);
				PRODUCT_BUNDLE_IDENTIFIER = "com.RudrankRiyam.SwiftUI-Workshop";
				PRODUCT_NAME = "$(TARGET_NAME)";
				SWIFT_VERSION = 5.0;
				TARGETED_DEVICE_FAMILY = "1,2";
			};
			name = Release;
		};
/* End XCBuildConfiguration section */

/* Begin XCConfigurationList section */
		0A1FA276235ABEF5002B8CF1 /* Build configuration list for PBXProject "SwiftUI Workshop" */ = {
			isa = XCConfigurationList;
			buildConfigurations = (
				0A1FA28D235ABEF7002B8CF1 /* Debug */,
				0A1FA28E235ABEF7002B8CF1 /* Release */,
			);
			defaultConfigurationIsVisible = 0;
			defaultConfigurationName = Release;
		};
		0A1FA28F235ABEF7002B8CF1 /* Build configuration list for PBXNativeTarget "SwiftUI Workshop" */ = {
			isa = XCConfigurationList;
			buildConfigurations = (
				0A1FA290235ABEF7002B8CF1 /* Debug */,
				0A1FA291235ABEF7002B8CF1 /* Release */,
			);
			defaultConfigurationIsVisible = 0;
			defaultConfigurationName = Release;
		};
/* End XCConfigurationList section */
	};
	rootObject = 0A1FA273235ABEF5002B8CF1 /* Project object */;
}
